
Microsoft Visual Studio Solution File, Format Version 12.00
# Visual Studio Version 17
VisualStudioVersion = 17.9.34622.214
MinimumVisualStudioVersion = 10.0.40219.1
Project("{9A19103F-16F7-4668-BE54-9A1E7A4F7556}") = "ef-core-owns-one-aggregation", "ef-core-owns-one-aggregation.csproj", "{A7D1A3B8-67D6-40F0-8A8A-51FFAA7878E3}"
EndProject
Global
	GlobalSection(SolutionConfigurationPlatforms) = preSolution
		Debug|Any CPU = Debug|Any CPU
		Release|Any CPU = Release|Any CPU
	EndGlobalSection
	GlobalSection(ProjectConfigurationPlatforms) = postSolution
		{A7D1A3B8-67D6-40F0-8A8A-51FFAA7878E3}.Debug|Any CPU.ActiveCfg = Debug|Any CPU
		{A7D1A3B8-67D6-40F0-8A8A-51FFAA7878E3}.Debug|Any CPU.Build.0 = Debug|Any CPU
		{A7D1A3B8-67D6-40F0-8A8A-51FFAA7878E3}.Release|Any CPU.ActiveCfg = Release|Any CPU
		{A7D1A3B8-67D6-40F0-8A8A-51FFAA7878E3}.Release|Any CPU.Build.0 = Release|Any CPU
	EndGlobalSection
	GlobalSection(SolutionProperties) = preSolution
		HideSolutionNode = FALSE
	EndGlobalSection
	GlobalSection(ExtensibilityGlobals) = postSolution
		SolutionGuid = {AAC4F7E4-9742-48CE-BA1E-EB7312DD57F0}
	EndGlobalSection
EndGlobal
